// !$*UTF8*$!
{
	archiveVersion = 1;
	classes = {
	};
	objectVersion = 77;
	objects = {

/* Begin PBXBuildFile section */
		3FDF0CD82DFBA8F5001981DB /* ExerciseDetailView.swift in Sources */ = {isa = PBXBuildFile; fileRef = 3FDF0CC12DFBA8F5001981DB /* ExerciseDetailView.swift */; };
		3FDF0CD92DFBA8F5001981DB /* ExerciseListView.swift in Sources */ = {isa = PBXBuildFile; fileRef = 3FDF0CC22DFBA8F5001981DB /* ExerciseListView.swift */; };
		3FDF0CDA2DFBA8F5001981DB /* TodayView.swift in Sources */ = {isa = PBXBuildFile; fileRef = 3FDF0CC62DFBA8F5001981DB /* TodayView.swift */; };
		3FDF0CDB2DFBA8F5001981DB /* TodayViewModel.swift in Sources */ = {isa = PBXBuildFile; fileRef = 3FDF0CC72DFBA8F5001981DB /* TodayViewModel.swift */; };
		3FDF0CDE2DFBA8F5001981DB /* OverloadPTApp.swift in Sources */ = {isa = PBXBuildFile; fileRef = 3FDF0CD32DFBA8F5001981DB /* OverloadPTApp.swift */; };
		3FDF0CDF2DFBA8F5001981DB /* RootView.swift in Sources */ = {isa = PBXBuildFile; fileRef = 3FDF0CD42DFBA8F5001981DB /* RootView.swift */; };
		3FDF0CE02DFBA8F5001981DB /* Assets.xcassets in Resources */ = {isa = PBXBuildFile; fileRef = 3FDF0CCB2DFBA8F5001981DB /* Assets.xcassets */; };
		3FDF0CE12DFBA8F5001981DB /* Exercises.json in Resources */ = {isa = PBXBuildFile; fileRef = 3FDF0CCC2DFBA8F5001981DB /* Exercises.json */; };
		3FDF0CE42DFBAA10001981DB /* Models.swift in Sources */ = {isa = PBXBuildFile; fileRef = 3FDF0CBC2DFBA8F5001981DB /* Models.swift */; };
		3FDF0CE52DFBAA22001981DB /* ExerciseSeeder.swift in Sources */ = {isa = PBXBuildFile; fileRef = 3FDF0CB92DFBA8F5001981DB /* ExerciseSeeder.swift */; };
		3FDF0CE72DFBAABB001981DB /* WorkoutSplitsView.swift in Sources */ = {isa = PBXBuildFile; fileRef = 3FDF0CE62DFBAABB001981DB /* WorkoutSplitsView.swift */; };
		3FDF0CE92DFBAAC5001981DB /* ProgressView.swift in Sources */ = {isa = PBXBuildFile; fileRef = 3FDF0CE82DFBAAC5001981DB /* ProgressView.swift */; };
		3FDF0CEB2DFBAAD0001981DB /* AICoachView.swift in Sources */ = {isa = PBXBuildFile; fileRef = 3FDF0CEA2DFBAAD0001981DB /* AICoachView.swift */; };
		3FDF0CED2DFBAAD9001981DB /* SettingsView.swift in Sources */ = {isa = PBXBuildFile; fileRef = 3FDF0CEC2DFBAAD9001981DB /* SettingsView.swift */; };
/* End PBXBuildFile section */

/* Begin PBXContainerItemProxy section */
		3F89319C2DFB915800BB6FA2 /* PBXContainerItemProxy */ = {
			isa = PBXContainerItemProxy;
			containerPortal = 3F8931822DFB915600BB6FA2 /* Project object */;
			proxyType = 1;
			remoteGlobalIDString = 3F8931892DFB915600BB6FA2;
			remoteInfo = OverloadPT;
		};
		3F8931A62DFB915800BB6FA2 /* PBXContainerItemProxy */ = {
			isa = PBXContainerItemProxy;
			containerPortal = 3F8931822DFB915600BB6FA2 /* Project object */;
			proxyType = 1;
			remoteGlobalIDString = 3F8931892DFB915600BB6FA2;
			remoteInfo = OverloadPT;
		};
/* End PBXContainerItemProxy section */

/* Begin PBXFileReference section */
		3F89318A2DFB915600BB6FA2 /* OverloadPT.app */ = {isa = PBXFileReference; explicitFileType = wrapper.application; includeInIndex = 0; path = OverloadPT.app; sourceTree = BUILT_PRODUCTS_DIR; };
		3F89319B2DFB915800BB6FA2 /* OverloadPTTests.xctest */ = {isa = PBXFileReference; explicitFileType = wrapper.cfbundle; includeInIndex = 0; path = OverloadPTTests.xctest; sourceTree = BUILT_PRODUCTS_DIR; };
		3F8931A52DFB915800BB6FA2 /* OverloadPTUITests.xctest */ = {isa = PBXFileReference; explicitFileType = wrapper.cfbundle; includeInIndex = 0; path = OverloadPTUITests.xctest; sourceTree = BUILT_PRODUCTS_DIR; };
		3FDF0CB92DFBA8F5001981DB /* ExerciseSeeder.swift */ = {isa = PBXFileReference; lastKnownFileType = sourcecode.swift; path = ExerciseSeeder.swift; sourceTree = "<group>"; };
		3FDF0CBC2DFBA8F5001981DB /* Models.swift */ = {isa = PBXFileReference; lastKnownFileType = sourcecode.swift; path = Models.swift; sourceTree = "<group>"; };
		3FDF0CC12DFBA8F5001981DB /* ExerciseDetailView.swift */ = {isa = PBXFileReference; lastKnownFileType = sourcecode.swift; path = ExerciseDetailView.swift; sourceTree = "<group>"; };
		3FDF0CC22DFBA8F5001981DB /* ExerciseListView.swift */ = {isa = PBXFileReference; lastKnownFileType = sourcecode.swift; path = ExerciseListView.swift; sourceTree = "<group>"; };
		3FDF0CC62DFBA8F5001981DB /* TodayView.swift */ = {isa = PBXFileReference; lastKnownFileType = sourcecode.swift; path = TodayView.swift; sourceTree = "<group>"; };
		3FDF0CC72DFBA8F5001981DB /* TodayViewModel.swift */ = {isa = PBXFileReference; lastKnownFileType = sourcecode.swift; path = TodayViewModel.swift; sourceTree = "<group>"; };
		3FDF0CCB2DFBA8F5001981DB /* Assets.xcassets */ = {isa = PBXFileReference; lastKnownFileType = text; path = Assets.xcassets; sourceTree = "<group>"; };
		3FDF0CCC2DFBA8F5001981DB /* Exercises.json */ = {isa = PBXFileReference; lastKnownFileType = text.json; path = Exercises.json; sourceTree = "<group>"; };
		3FDF0CD02DFBA8F5001981DB /* Info.plist */ = {isa = PBXFileReference; lastKnownFileType = text.plist.xml; path = Info.plist; sourceTree = "<group>"; };
		3FDF0CD22DFBA8F5001981DB /* OverloadPT.entitlements */ = {isa = PBXFileReference; lastKnownFileType = text.plist.entitlements; path = OverloadPT.entitlements; sourceTree = "<group>"; };
		3FDF0CD32DFBA8F5001981DB /* OverloadPTApp.swift */ = {isa = PBXFileReference; lastKnownFileType = sourcecode.swift; path = OverloadPTApp.swift; sourceTree = "<group>"; };
		3FDF0CD42DFBA8F5001981DB /* RootView.swift */ = {isa = PBXFileReference; lastKnownFileType = sourcecode.swift; path = RootView.swift; sourceTree = "<group>"; };
		3FDF0CE62DFBAABB001981DB /* WorkoutSplitsView.swift */ = {isa = PBXFileReference; lastKnownFileType = sourcecode.swift; path = WorkoutSplitsView.swift; sourceTree = "<group>"; };
		3FDF0CE82DFBAAC5001981DB /* ProgressView.swift */ = {isa = PBXFileReference; lastKnownFileType = sourcecode.swift; path = ProgressView.swift; sourceTree = "<group>"; };
		3FDF0CEA2DFBAAD0001981DB /* AICoachView.swift */ = {isa = PBXFileReference; lastKnownFileType = sourcecode.swift; path = AICoachView.swift; sourceTree = "<group>"; };
		3FDF0CEC2DFBAAD9001981DB /* SettingsView.swift */ = {isa = PBXFileReference; lastKnownFileType = sourcecode.swift; path = SettingsView.swift; sourceTree = "<group>"; };
/* End PBXFileReference section */

/* Begin PBXFileSystemSynchronizedRootGroup section */
		3F89319E2DFB915800BB6FA2 /* OverloadPTTests */ = {
			isa = PBXFileSystemSynchronizedRootGroup;
			path = OverloadPTTests;
			sourceTree = "<group>";
		};
		3F8931A82DFB915800BB6FA2 /* OverloadPTUITests */ = {
			isa = PBXFileSystemSynchronizedRootGroup;
			path = OverloadPTUITests;
			sourceTree = "<group>";
		};
/* End PBXFileSystemSynchronizedRootGroup section */

/* Begin PBXFrameworksBuildPhase section */
		3F8931872DFB915600BB6FA2 /* Frameworks */ = {
			isa = PBXFrameworksBuildPhase;
			buildActionMask = 2147483647;
			files = (
			);
			runOnlyForDeploymentPostprocessing = 0;
		};
		3F8931982DFB915800BB6FA2 /* Frameworks */ = {
			isa = PBXFrameworksBuildPhase;
			buildActionMask = 2147483647;
			files = (
			);
			runOnlyForDeploymentPostprocessing = 0;
		};
		3F8931A22DFB915800BB6FA2 /* Frameworks */ = {
			isa = PBXFrameworksBuildPhase;
			buildActionMask = 2147483647;
			files = (
			);
			runOnlyForDeploymentPostprocessing = 0;
		};
/* End PBXFrameworksBuildPhase section */

/* Begin PBXGroup section */
		3F8931812DFB915600BB6FA2 = {
			isa = PBXGroup;
			children = (
				3F89319E2DFB915800BB6FA2 /* OverloadPTTests */,
				3F8931A82DFB915800BB6FA2 /* OverloadPTUITests */,
				3F89318B2DFB915600BB6FA2 /* Products */,
				3FDF0CD52DFBA8F5001981DB /* OverloadPT */,
			);
			sourceTree = "<group>";
		};
		3F89318B2DFB915600BB6FA2 /* Products */ = {
			isa = PBXGroup;
			children = (
				3F89318A2DFB915600BB6FA2 /* OverloadPT.app */,
				3F89319B2DFB915800BB6FA2 /* OverloadPTTests.xctest */,
				3F8931A52DFB915800BB6FA2 /* OverloadPTUITests.xctest */,
			);
			name = Products;
			sourceTree = "<group>";
		};
		3FDF0CBA2DFBA8F5001981DB /* Data */ = {
			isa = PBXGroup;
			children = (
				3FDF0CB92DFBA8F5001981DB /* ExerciseSeeder.swift */,
			);
			path = Data;
			sourceTree = "<group>";
		};
		3FDF0CBB2DFBA8F5001981DB /* DesignSystem */ = {
			isa = PBXGroup;
			children = (
			);
			path = DesignSystem;
			sourceTree = "<group>";
		};
		3FDF0CBD2DFBA8F5001981DB /* Models */ = {
			isa = PBXGroup;
			children = (
				3FDF0CBC2DFBA8F5001981DB /* Models.swift */,
			);
			path = Models;
			sourceTree = "<group>";
		};
		3FDF0CBE2DFBA8F5001981DB /* Services */ = {
			isa = PBXGroup;
			children = (
			);
			path = Services;
			sourceTree = "<group>";
		};
		3FDF0CBF2DFBA8F5001981DB /* Core */ = {
			isa = PBXGroup;
			children = (
				3FDF0CBA2DFBA8F5001981DB /* Data */,
				3FDF0CBB2DFBA8F5001981DB /* DesignSystem */,
				3FDF0CBD2DFBA8F5001981DB /* Models */,
				3FDF0CBE2DFBA8F5001981DB /* Services */,
			);
			path = Core;
			sourceTree = "<group>";
		};
		3FDF0CC02DFBA8F5001981DB /* AICoach */ = {
			isa = PBXGroup;
			children = (
				3FDF0CEA2DFBAAD0001981DB /* AICoachView.swift */,
			);
			path = AICoach;
			sourceTree = "<group>";
		};
		3FDF0CC32DFBA8F5001981DB /* Exercises */ = {
			isa = PBXGroup;
			children = (
				3FDF0CC12DFBA8F5001981DB /* ExerciseDetailView.swift */,
				3FDF0CC22DFBA8F5001981DB /* ExerciseListView.swift */,
			);
			path = Exercises;
			sourceTree = "<group>";
		};
		3FDF0CC42DFBA8F5001981DB /* Progress */ = {
			isa = PBXGroup;
			children = (
				3FDF0CE82DFBAAC5001981DB /* ProgressView.swift */,
			);
			path = Progress;
			sourceTree = "<group>";
		};
		3FDF0CC52DFBA8F5001981DB /* Settings */ = {
			isa = PBXGroup;
			children = (
				3FDF0CEC2DFBAAD9001981DB /* SettingsView.swift */,
			);
			path = Settings;
			sourceTree = "<group>";
		};
		3FDF0CC82DFBA8F5001981DB /* Today */ = {
			isa = PBXGroup;
			children = (
				3FDF0CC62DFBA8F5001981DB /* TodayView.swift */,
				3FDF0CC72DFBA8F5001981DB /* TodayViewModel.swift */,
			);
			path = Today;
			sourceTree = "<group>";
		};
		3FDF0CC92DFBA8F5001981DB /* WorkoutSplits */ = {
			isa = PBXGroup;
			children = (
				3FDF0CE62DFBAABB001981DB /* WorkoutSplitsView.swift */,
			);
			path = WorkoutSplits;
			sourceTree = "<group>";
		};
		3FDF0CCA2DFBA8F5001981DB /* Features */ = {
			isa = PBXGroup;
			children = (
				3FDF0CC02DFBA8F5001981DB /* AICoach */,
				3FDF0CC32DFBA8F5001981DB /* Exercises */,
				3FDF0CC42DFBA8F5001981DB /* Progress */,
				3FDF0CC52DFBA8F5001981DB /* Settings */,
				3FDF0CC82DFBA8F5001981DB /* Today */,
				3FDF0CC92DFBA8F5001981DB /* WorkoutSplits */,
			);
			path = Features;
			sourceTree = "<group>";
		};
		3FDF0CCD2DFBA8F5001981DB /* Resources */ = {
			isa = PBXGroup;
			children = (
				3FDF0CCB2DFBA8F5001981DB /* Assets.xcassets */,
				3FDF0CCC2DFBA8F5001981DB /* Exercises.json */,
			);
			path = Resources;
			sourceTree = "<group>";
		};
		3FDF0CD52DFBA8F5001981DB /* OverloadPT */ = {
			isa = PBXGroup;
			children = (
				3FDF0CBF2DFBA8F5001981DB /* Core */,
				3FDF0CCA2DFBA8F5001981DB /* Features */,
				3FDF0CCD2DFBA8F5001981DB /* Resources */,
				3FDF0CD02DFBA8F5001981DB /* Info.plist */,
				3FDF0CD22DFBA8F5001981DB /* OverloadPT.entitlements */,
				3FDF0CD32DFBA8F5001981DB /* OverloadPTApp.swift */,
				3FDF0CD42DFBA8F5001981DB /* RootView.swift */,
			);
			path = OverloadPT;
			sourceTree = "<group>";
		};
/* End PBXGroup section */

/* Begin PBXNativeTarget section */
		3F8931892DFB915600BB6FA2 /* OverloadPT */ = {
			isa = PBXNativeTarget;
			buildConfigurationList = 3F8931AE2DFB915800BB6FA2 /* Build configuration list for PBXNativeTarget "OverloadPT" */;
			buildPhases = (
				3F8931862DFB915600BB6FA2 /* Sources */,
				3F8931872DFB915600BB6FA2 /* Frameworks */,
				3F8931882DFB915600BB6FA2 /* Resources */,
			);
			buildRules = (
			);
			dependencies = (
			);
			name = OverloadPT;
			packageProductDependencies = (
			);
			productName = OverloadPT;
			productReference = 3F89318A2DFB915600BB6FA2 /* OverloadPT.app */;
			productType = "com.apple.product-type.application";
		};
		3F89319A2DFB915800BB6FA2 /* OverloadPTTests */ = {
			isa = PBXNativeTarget;
			buildConfigurationList = 3F8931B32DFB915800BB6FA2 /* Build configuration list for PBXNativeTarget "OverloadPTTests" */;
			buildPhases = (
				3F8931972DFB915800BB6FA2 /* Sources */,
				3F8931982DFB915800BB6FA2 /* Frameworks */,
				3F8931992DFB915800BB6FA2 /* Resources */,
			);
			buildRules = (
			);
			dependencies = (
				3F89319D2DFB915800BB6FA2 /* PBXTargetDependency */,
			);
			fileSystemSynchronizedGroups = (
				3F89319E2DFB915800BB6FA2 /* OverloadPTTests */,
			);
			name = OverloadPTTests;
			packageProductDependencies = (
			);
			productName = OverloadPTTests;
			productReference = 3F89319B2DFB915800BB6FA2 /* OverloadPTTests.xctest */;
			productType = "com.apple.product-type.bundle.unit-test";
		};
		3F8931A42DFB915800BB6FA2 /* OverloadPTUITests */ = {
			isa = PBXNativeTarget;
			buildConfigurationList = 3F8931B62DFB915800BB6FA2 /* Build configuration list for PBXNativeTarget "OverloadPTUITests" */;
			buildPhases = (
				3F8931A12DFB915800BB6FA2 /* Sources */,
				3F8931A22DFB915800BB6FA2 /* Frameworks */,
				3F8931A32DFB915800BB6FA2 /* Resources */,
			);
			buildRules = (
			);
			dependencies = (
				3F8931A72DFB915800BB6FA2 /* PBXTargetDependency */,
			);
			fileSystemSynchronizedGroups = (
				3F8931A82DFB915800BB6FA2 /* OverloadPTUITests */,
			);
			name = OverloadPTUITests;
			packageProductDependencies = (
			);
			productName = OverloadPTUITests;
			productReference = 3F8931A52DFB915800BB6FA2 /* OverloadPTUITests.xctest */;
			productType = "com.apple.product-type.bundle.ui-testing";
		};
/* End PBXNativeTarget section */

/* Begin PBXProject section */
		3F8931822DFB915600BB6FA2 /* Project object */ = {
			isa = PBXProject;
			attributes = {
				BuildIndependentTargetsInParallel = 1;
				LastSwiftUpdateCheck = 1640;
				LastUpgradeCheck = 1640;
				TargetAttributes = {
					3F8931892DFB915600BB6FA2 = {
						CreatedOnToolsVersion = 16.4;
					};
					3F89319A2DFB915800BB6FA2 = {
						CreatedOnToolsVersion = 16.4;
						TestTargetID = 3F8931892DFB915600BB6FA2;
					};
					3F8931A42DFB915800BB6FA2 = {
						CreatedOnToolsVersion = 16.4;
						TestTargetID = 3F8931892DFB915600BB6FA2;
					};
				};
			};
			buildConfigurationList = 3F8931852DFB915600BB6FA2 /* Build configuration list for PBXProject "OverloadPT" */;
			developmentRegion = en;
			hasScannedForEncodings = 0;
			knownRegions = (
				en,
				Base,
			);
			mainGroup = 3F8931812DFB915600BB6FA2;
			minimizedProjectReferenceProxies = 1;
			preferredProjectObjectVersion = 77;
			productRefGroup = 3F89318B2DFB915600BB6FA2 /* Products */;
			projectDirPath = "";
			projectRoot = "";
			targets = (
				3F8931892DFB915600BB6FA2 /* OverloadPT */,
				3F89319A2DFB915800BB6FA2 /* OverloadPTTests */,
				3F8931A42DFB915800BB6FA2 /* OverloadPTUITests */,
			);
		};
/* End PBXProject section */

/* Begin PBXResourcesBuildPhase section */
		3F8931882DFB915600BB6FA2 /* Resources */ = {
			isa = PBXResourcesBuildPhase;
			buildActionMask = 2147483647;
			files = (
				3FDF0CE02DFBA8F5001981DB /* Assets.xcassets in Resources */,
				3FDF0CE12DFBA8F5001981DB /* Exercises.json in Resources */,
			);
			runOnlyForDeploymentPostprocessing = 0;
		};
		3F8931992DFB915800BB6FA2 /* Resources */ = {
			isa = PBXResourcesBuildPhase;
			buildActionMask = 2147483647;
			files = (
			);
			runOnlyForDeploymentPostprocessing = 0;
		};
		3F8931A32DFB915800BB6FA2 /* Resources */ = {
			isa = PBXResourcesBuildPhase;
			buildActionMask = 2147483647;
			files = (
			);
			runOnlyForDeploymentPostprocessing = 0;
		};
/* End PBXResourcesBuildPhase section */

/* Begin PBXSourcesBuildPhase section */
		3F8931862DFB915600BB6FA2 /* Sources */ = {
			isa = PBXSourcesBuildPhase;
			buildActionMask = 2147483647;
			files = (
				3FDF0CE72DFBAABB001981DB /* WorkoutSplitsView.swift in Sources */,
				3FDF0CD82DFBA8F5001981DB /* ExerciseDetailView.swift in Sources */,
				3FDF0CD92DFBA8F5001981DB /* ExerciseListView.swift in Sources */,
				3FDF0CDA2DFBA8F5001981DB /* TodayView.swift in Sources */,
				3FDF0CDB2DFBA8F5001981DB /* TodayViewModel.swift in Sources */,
				3FDF0CDE2DFBA8F5001981DB /* OverloadPTApp.swift in Sources */,
				3FDF0CDF2DFBA8F5001981DB /* RootView.swift in Sources */,
				3FDF0CE92DFBAAC5001981DB /* ProgressView.swift in Sources */,
				3FDF0CEB2DFBAAD0001981DB /* AICoachView.swift in Sources */,
				3FDF0CED2DFBAAD9001981DB /* SettingsView.swift in Sources */,
				3FDF0CE42DFBAA10001981DB /* Models.swift in Sources */,
				3FDF0CE52DFBAA22001981DB /* ExerciseSeeder.swift in Sources */,
			);
			runOnlyForDeploymentPostprocessing = 0;
		};
		3F8931972DFB915800BB6FA2 /* Sources */ = {
			isa = PBXSourcesBuildPhase;
			buildActionMask = 2147483647;
			files = (
			);
			runOnlyForDeploymentPostprocessing = 0;
		};
		3F8931A12DFB915800BB6FA2 /* Sources */ = {
			isa = PBXSourcesBuildPhase;
			buildActionMask = 2147483647;
			files = (
			);
			runOnlyForDeploymentPostprocessing = 0;
		};
/* End PBXSourcesBuildPhase section */

/* Begin PBXTargetDependency section */
		3F89319D2DFB915800BB6FA2 /* PBXTargetDependency */ = {
			isa = PBXTargetDependency;
			target = 3F8931892DFB915600BB6FA2 /* OverloadPT */;
			targetProxy = 3F89319C2DFB915800BB6FA2 /* PBXContainerItemProxy */;
		};
		3F8931A72DFB915800BB6FA2 /* PBXTargetDependency */ = {
			isa = PBXTargetDependency;
			target = 3F8931892DFB915600BB6FA2 /* OverloadPT */;
			targetProxy = 3F8931A62DFB915800BB6FA2 /* PBXContainerItemProxy */;
		};
/* End PBXTargetDependency section */

/* Begin XCBuildConfiguration section */
		3F8931AF2DFB915800BB6FA2 /* Debug */ = {
			isa = XCBuildConfiguration;
			buildSettings = {
				ASSETCATALOG_COMPILER_APPICON_NAME = AppIcon;
				ASSETCATALOG_COMPILER_GLOBAL_ACCENT_COLOR_NAME = AccentColor;
				CODE_SIGN_ENTITLEMENTS = OverloadPT/OverloadPT.entitlements;
				CODE_SIGN_STYLE = Automatic;
				CURRENT_PROJECT_VERSION = 1;
				DEVELOPMENT_TEAM = R66F5N3G22;
				ENABLE_PREVIEWS = YES;
				GENERATE_INFOPLIST_FILE = YES;
				INFOPLIST_FILE = OverloadPT/Info.plist;
				INFOPLIST_KEY_UIApplicationSceneManifest_Generation = YES;
				INFOPLIST_KEY_UIApplicationSupportsIndirectInputEvents = YES;
				INFOPLIST_KEY_UILaunchScreen_Generation = YES;
				INFOPLIST_KEY_UISupportedInterfaceOrientations_iPad = "UIInterfaceOrientationPortrait UIInterfaceOrientationPortraitUpsideDown UIInterfaceOrientationLandscapeLeft UIInterfaceOrientationLandscapeRight";
				INFOPLIST_KEY_UISupportedInterfaceOrientations_iPhone = "UIInterfaceOrientationPortrait UIInterfaceOrientationLandscapeLeft UIInterfaceOrientationLandscapeRight";
				LD_RUNPATH_SEARCH_PATHS = (
					"$(inherited)",
					"@executable_path/Frameworks",
				);
				MARKETING_VERSION = 1.0;
				PRODUCT_BUNDLE_IDENTIFIER = com.skompxcel.OverloadPT;
				PRODUCT_NAME = "$(TARGET_NAME)";
				SWIFT_EMIT_LOC_STRINGS = YES;
				SWIFT_VERSION = 5.0;
				TARGETED_DEVICE_FAMILY = "1,2";
			};
			name = Debug;
		};
		3F8931B02DFB915800BB6FA2 /* Release */ = {
			isa = XCBuildConfiguration;
			buildSettings = {
				ASSETCATALOG_COMPILER_APPICON_NAME = AppIcon;
				ASSETCATALOG_COMPILER_GLOBAL_ACCENT_COLOR_NAME = AccentColor;
				CODE_SIGN_ENTITLEMENTS = OverloadPT/OverloadPT.entitlements;
				CODE_SIGN_STYLE = Automatic;
				CURRENT_PROJECT_VERSION = 1;
				DEVELOPMENT_TEAM = R66F5N3G22;
				ENABLE_PREVIEWS = YES;
				GENERATE_INFOPLIST_FILE = YES;
				INFOPLIST_FILE = OverloadPT/Info.plist;
				INFOPLIST_KEY_UIApplicationSceneManifest_Generation = YES;
				INFOPLIST_KEY_UIApplicationSupportsIndirectInputEvents = YES;
				INFOPLIST_KEY_UILaunchScreen_Generation = YES;
				INFOPLIST_KEY_UISupportedInterfaceOrientations_iPad = "UIInterfaceOrientationPortrait UIInterfaceOrientationPortraitUpsideDown UIInterfaceOrientationLandscapeLeft UIInterfaceOrientationLandscapeRight";
				INFOPLIST_KEY_UISupportedInterfaceOrientations_iPhone = "UIInterfaceOrientationPortrait UIInterfaceOrientationLandscapeLeft UIInterfaceOrientationLandscapeRight";
				LD_RUNPATH_SEARCH_PATHS = (
					"$(inherited)",
					"@executable_path/Frameworks",
				);
				MARKETING_VERSION = 1.0;
				PRODUCT_BUNDLE_IDENTIFIER = com.skompxcel.OverloadPT;
				PRODUCT_NAME = "$(TARGET_NAME)";
				SWIFT_EMIT_LOC_STRINGS = YES;
				SWIFT_VERSION = 5.0;
				TARGETED_DEVICE_FAMILY = "1,2";
			};
			name = Release;
		};
		3F8931B12DFB915800BB6FA2 /* Debug */ = {
			isa = XCBuildConfiguration;
			buildSettings = {
				ALWAYS_SEARCH_USER_PATHS = NO;
				ASSETCATALOG_COMPILER_GENERATE_SWIFT_ASSET_SYMBOL_EXTENSIONS = YES;
				CLANG_ANALYZER_NONNULL = YES;
				CLANG_ANALYZER_NUMBER_OBJECT_CONVERSION = YES_AGGRESSIVE;
				CLANG_CXX_LANGUAGE_STANDARD = "gnu++20";
				CLANG_ENABLE_MODULES = YES;
				CLANG_ENABLE_OBJC_ARC = YES;
				CLANG_ENABLE_OBJC_WEAK = YES;
				CLANG_WARN_BLOCK_CAPTURE_AUTORELEASING = YES;
				CLANG_WARN_BOOL_CONVERSION = YES;
				CLANG_WARN_COMMA = YES;
				CLANG_WARN_CONSTANT_CONVERSION = YES;
				CLANG_WARN_DEPRECATED_OBJC_IMPLEMENTATIONS = YES;
				CLANG_WARN_DIRECT_OBJC_ISA_USAGE = YES_ERROR;
				CLANG_WARN_DOCUMENTATION_COMMENTS = YES;
				CLANG_WARN_EMPTY_BODY = YES;
				CLANG_WARN_ENUM_CONVERSION = YES;
				CLANG_WARN_INFINITE_RECURSION = YES;
				CLANG_WARN_INT_CONVERSION = YES;
				CLANG_WARN_NON_LITERAL_NULL_CONVERSION = YES;
				CLANG_WARN_OBJC_IMPLICIT_RETAIN_SELF = YES;
				CLANG_WARN_OBJC_LITERAL_CONVERSION = YES;
				CLANG_WARN_OBJC_ROOT_CLASS = YES_ERROR;
				CLANG_WARN_QUOTED_INCLUDE_IN_FRAMEWORK_HEADER = YES;
				CLANG_WARN_RANGE_LOOP_ANALYSIS = YES;
				CLANG_WARN_STRICT_PROTOTYPES = YES;
				CLANG_WARN_SUSPICIOUS_MOVE = YES;
				CLANG_WARN_UNGUARDED_AVAILABILITY = YES_AGGRESSIVE;
				CLANG_WARN_UNREACHABLE_CODE = YES;
				CLANG_WARN__DUPLICATE_METHOD_MATCH = YES;
				COPY_PHASE_STRIP = NO;
				DEBUG_INFORMATION_FORMAT = dwarf;
				DEVELOPMENT_TEAM = R66F5N3G22;
				ENABLE_STRICT_OBJC_MSGSEND = YES;
				ENABLE_TESTABILITY = YES;
				ENABLE_USER_SCRIPT_SANDBOXING = YES;
				GCC_C_LANGUAGE_STANDARD = gnu17;
				GCC_DYNAMIC_NO_PIC = NO;
				GCC_NO_COMMON_BLOCKS = YES;
				GCC_OPTIMIZATION_LEVEL = 0;
				GCC_PREPROCESSOR_DEFINITIONS = (
					"DEBUG=1",
					"$(inherited)",
				);
				GCC_WARN_64_TO_32_BIT_CONVERSION = YES;
				GCC_WARN_ABOUT_RETURN_TYPE = YES_ERROR;
				GCC_WARN_UNDECLARED_SELECTOR = YES;
				GCC_WARN_UNINITIALIZED_AUTOS = YES_AGGRESSIVE;
				GCC_WARN_UNUSED_FUNCTION = YES;
				GCC_WARN_UNUSED_VARIABLE = YES;
				IPHONEOS_DEPLOYMENT_TARGET = 18.5;
				LOCALIZATION_PREFERS_STRING_CATALOGS = YES;
				MTL_ENABLE_DEBUG_INFO = INCLUDE_SOURCE;
				MTL_FAST_MATH = YES;
				ONLY_ACTIVE_ARCH = YES;
				SDKROOT = iphoneos;
				SWIFT_ACTIVE_COMPILATION_CONDITIONS = "DEBUG $(inherited)";
				SWIFT_OPTIMIZATION_LEVEL = "-Onone";
			};
			name = Debug;
		};
		3F8931B22DFB915800BB6FA2 /* Release */ = {
			isa = XCBuildConfiguration;
			buildSettings = {
				ALWAYS_SEARCH_USER_PATHS = NO;
				ASSETCATALOG_COMPILER_GENERATE_SWIFT_ASSET_SYMBOL_EXTENSIONS = YES;
				CLANG_ANALYZER_NONNULL = YES;
				CLANG_ANALYZER_NUMBER_OBJECT_CONVERSION = YES_AGGRESSIVE;
				CLANG_CXX_LANGUAGE_STANDARD = "gnu++20";
				CLANG_ENABLE_MODULES = YES;
				CLANG_ENABLE_OBJC_ARC = YES;
				CLANG_ENABLE_OBJC_WEAK = YES;
				CLANG_WARN_BLOCK_CAPTURE_AUTORELEASING = YES;
				CLANG_WARN_BOOL_CONVERSION = YES;
				CLANG_WARN_COMMA = YES;
				CLANG_WARN_CONSTANT_CONVERSION = YES;
				CLANG_WARN_DEPRECATED_OBJC_IMPLEMENTATIONS = YES;
				CLANG_WARN_DIRECT_OBJC_ISA_USAGE = YES_ERROR;
				CLANG_WARN_DOCUMENTATION_COMMENTS = YES;
				CLANG_WARN_EMPTY_BODY = YES;
				CLANG_WARN_ENUM_CONVERSION = YES;
				CLANG_WARN_INFINITE_RECURSION = YES;
				CLANG_WARN_INT_CONVERSION = YES;
				CLANG_WARN_NON_LITERAL_NULL_CONVERSION = YES;
				CLANG_WARN_OBJC_IMPLICIT_RETAIN_SELF = YES;
				CLANG_WARN_OBJC_LITERAL_CONVERSION = YES;
				CLANG_WARN_OBJC_ROOT_CLASS = YES_ERROR;
				CLANG_WARN_QUOTED_INCLUDE_IN_FRAMEWORK_HEADER = YES;
				CLANG_WARN_RANGE_LOOP_ANALYSIS = YES;
				CLANG_WARN_STRICT_PROTOTYPES = YES;
				CLANG_WARN_SUSPICIOUS_MOVE = YES;
				CLANG_WARN_UNGUARDED_AVAILABILITY = YES_AGGRESSIVE;
				CLANG_WARN_UNREACHABLE_CODE = YES;
				CLANG_WARN__DUPLICATE_METHOD_MATCH = YES;
				COPY_PHASE_STRIP = NO;
				DEBUG_INFORMATION_FORMAT = "dwarf-with-dsym";
				DEVELOPMENT_TEAM = R66F5N3G22;
				ENABLE_NS_ASSERTIONS = NO;
				ENABLE_STRICT_OBJC_MSGSEND = YES;
				ENABLE_USER_SCRIPT_SANDBOXING = YES;
				GCC_C_LANGUAGE_STANDARD = gnu17;
				GCC_NO_COMMON_BLOCKS = YES;
				GCC_WARN_64_TO_32_BIT_CONVERSION = YES;
				GCC_WARN_ABOUT_RETURN_TYPE = YES_ERROR;
				GCC_WARN_UNDECLARED_SELECTOR = YES;
				GCC_WARN_UNINITIALIZED_AUTOS = YES_AGGRESSIVE;
				GCC_WARN_UNUSED_FUNCTION = YES;
				GCC_WARN_UNUSED_VARIABLE = YES;
				IPHONEOS_DEPLOYMENT_TARGET = 18.5;
				LOCALIZATION_PREFERS_STRING_CATALOGS = YES;
				MTL_ENABLE_DEBUG_INFO = NO;
				MTL_FAST_MATH = YES;
				SDKROOT = iphoneos;
				SWIFT_COMPILATION_MODE = wholemodule;
				VALIDATE_PRODUCT = YES;
			};
			name = Release;
		};
		3F8931B42DFB915800BB6FA2 /* Debug */ = {
			isa = XCBuildConfiguration;
			buildSettings = {
				BUNDLE_LOADER = "$(TEST_HOST)";
				CODE_SIGN_STYLE = Automatic;
				CURRENT_PROJECT_VERSION = 1;
				DEVELOPMENT_TEAM = R66F5N3G22;
				GENERATE_INFOPLIST_FILE = YES;
				IPHONEOS_DEPLOYMENT_TARGET = 18.5;
				MARKETING_VERSION = 1.0;
				PRODUCT_BUNDLE_IDENTIFIER = com.skompxcel.OverloadPTTests;
				PRODUCT_NAME = "$(TARGET_NAME)";
				SWIFT_EMIT_LOC_STRINGS = NO;
				SWIFT_VERSION = 5.0;
				TARGETED_DEVICE_FAMILY = "1,2";
				TEST_HOST = "$(BUILT_PRODUCTS_DIR)/OverloadPT.app/$(BUNDLE_EXECUTABLE_FOLDER_PATH)/OverloadPT";
			};
			name = Debug;
		};
		3F8931B52DFB915800BB6FA2 /* Release */ = {
			isa = XCBuildConfiguration;
			buildSettings = {
				BUNDLE_LOADER = "$(TEST_HOST)";
				CODE_SIGN_STYLE = Automatic;
				CURRENT_PROJECT_VERSION = 1;
				DEVELOPMENT_TEAM = R66F5N3G22;
				GENERATE_INFOPLIST_FILE = YES;
				IPHONEOS_DEPLOYMENT_TARGET = 18.5;
				MARKETING_VERSION = 1.0;
				PRODUCT_BUNDLE_IDENTIFIER = com.skompxcel.OverloadPTTests;
				PRODUCT_NAME = "$(TARGET_NAME)";
				SWIFT_EMIT_LOC_STRINGS = NO;
				SWIFT_VERSION = 5.0;
				TARGETED_DEVICE_FAMILY = "1,2";
				TEST_HOST = "$(BUILT_PRODUCTS_DIR)/OverloadPT.app/$(BUNDLE_EXECUTABLE_FOLDER_PATH)/OverloadPT";
			};
			name = Release;
		};
		3F8931B72DFB915800BB6FA2 /* Debug */ = {
			isa = XCBuildConfiguration;
			buildSettings = {
				CODE_SIGN_STYLE = Automatic;
				CURRENT_PROJECT_VERSION = 1;
				DEVELOPMENT_TEAM = R66F5N3G22;
				GENERATE_INFOPLIST_FILE = YES;
				MARKETING_VERSION = 1.0;
				PRODUCT_BUNDLE_IDENTIFIER = com.skompxcel.OverloadPTUITests;
				PRODUCT_NAME = "$(TARGET_NAME)";
				SWIFT_EMIT_LOC_STRINGS = NO;
				SWIFT_VERSION = 5.0;
				TARGETED_DEVICE_FAMILY = "1,2";
				TEST_TARGET_NAME = OverloadPT;
			};
			name = Debug;
		};
		3F8931B82DFB915800BB6FA2 /* Release */ = {
			isa = XCBuildConfiguration;
			buildSettings = {
				CODE_SIGN_STYLE = Automatic;
				CURRENT_PROJECT_VERSION = 1;
				DEVELOPMENT_TEAM = R66F5N3G22;
				GENERATE_INFOPLIST_FILE = YES;
				MARKETING_VERSION = 1.0;
				PRODUCT_BUNDLE_IDENTIFIER = com.skompxcel.OverloadPTUITests;
				PRODUCT_NAME = "$(TARGET_NAME)";
				SWIFT_EMIT_LOC_STRINGS = NO;
				SWIFT_VERSION = 5.0;
				TARGETED_DEVICE_FAMILY = "1,2";
				TEST_TARGET_NAME = OverloadPT;
			};
			name = Release;
		};
/* End XCBuildConfiguration section */

/* Begin XCConfigurationList section */
		3F8931852DFB915600BB6FA2 /* Build configuration list for PBXProject "OverloadPT" */ = {
			isa = XCConfigurationList;
			buildConfigurations = (
				3F8931B12DFB915800BB6FA2 /* Debug */,
				3F8931B22DFB915800BB6FA2 /* Release */,
			);
			defaultConfigurationIsVisible = 0;
			defaultConfigurationName = Release;
		};
		3F8931AE2DFB915800BB6FA2 /* Build configuration list for PBXNativeTarget "OverloadPT" */ = {
			isa = XCConfigurationList;
			buildConfigurations = (
				3F8931AF2DFB915800BB6FA2 /* Debug */,
				3F8931B02DFB915800BB6FA2 /* Release */,
			);
			defaultConfigurationIsVisible = 0;
			defaultConfigurationName = Release;
		};
		3F8931B32DFB915800BB6FA2 /* Build configuration list for PBXNativeTarget "OverloadPTTests" */ = {
			isa = XCConfigurationList;
			buildConfigurations = (
				3F8931B42DFB915800BB6FA2 /* Debug */,
				3F8931B52DFB915800BB6FA2 /* Release */,
			);
			defaultConfigurationIsVisible = 0;
			defaultConfigurationName = Release;
		};
		3F8931B62DFB915800BB6FA2 /* Build configuration list for PBXNativeTarget "OverloadPTUITests" */ = {
			isa = XCConfigurationList;
			buildConfigurations = (
				3F8931B72DFB915800BB6FA2 /* Debug */,
				3F8931B82DFB915800BB6FA2 /* Release */,
			);
			defaultConfigurationIsVisible = 0;
			defaultConfigurationName = Release;
		};
/* End XCConfigurationList section */
	};
	rootObject = 3F8931822DFB915600BB6FA2 /* Project object */;
}
